// !$*UTF8*$!
{
	archiveVersion = 1;
	classes = {
	};
	objectVersion = 56;
	objects = {

/* Begin PBXBuildFile section */
		7857050C2BE0D73C0094B201 /* AspectVGrid.swift in Sources */ = {isa = PBXBuildFile; fileRef = 7857050B2BE0D73C0094B201 /* AspectVGrid.swift */; };
		7857050E2BE33EBD0094B201 /* CardView.swift in Sources */ = {isa = PBXBuildFile; fileRef = 7857050D2BE33EBD0094B201 /* CardView.swift */; };
		785705102BE35E4A0094B201 /* Pie.swift in Sources */ = {isa = PBXBuildFile; fileRef = 7857050F2BE35E4A0094B201 /* Pie.swift */; };
		785705122BE374C50094B201 /* Cardify.swift in Sources */ = {isa = PBXBuildFile; fileRef = 785705112BE374C40094B201 /* Cardify.swift */; };
		78ACC5962BFD09C700A2A5D8 /* FlyingNumber.swift in Sources */ = {isa = PBXBuildFile; fileRef = 78ACC5952BFD09C700A2A5D8 /* FlyingNumber.swift */; };
		78DBD17D2BD8D8E200D3DBB5 /* MemorizeApp.swift in Sources */ = {isa = PBXBuildFile; fileRef = 78DBD17C2BD8D8E200D3DBB5 /* MemorizeApp.swift */; };
		78DBD17F2BD8D8E200D3DBB5 /* EmojiMemoryGameView.swift in Sources */ = {isa = PBXBuildFile; fileRef = 78DBD17E2BD8D8E200D3DBB5 /* EmojiMemoryGameView.swift */; };
		78DBD1812BD8D8E500D3DBB5 /* Assets.xcassets in Resources */ = {isa = PBXBuildFile; fileRef = 78DBD1802BD8D8E500D3DBB5 /* Assets.xcassets */; };
		78DBD1842BD8D8E500D3DBB5 /* Preview Assets.xcassets in Resources */ = {isa = PBXBuildFile; fileRef = 78DBD1832BD8D8E500D3DBB5 /* Preview Assets.xcassets */; };
		78DBD18B2BDF757900D3DBB5 /* MemoryGame.swift in Sources */ = {isa = PBXBuildFile; fileRef = 78DBD18A2BDF757900D3DBB5 /* MemoryGame.swift */; };
		78DBD18D2BDF77DE00D3DBB5 /* EmojiMemoryGame.swift in Sources */ = {isa = PBXBuildFile; fileRef = 78DBD18C2BDF77DE00D3DBB5 /* EmojiMemoryGame.swift */; };
/* End PBXBuildFile section */

/* Begin PBXFileReference section */
		7857050B2BE0D73C0094B201 /* AspectVGrid.swift */ = {isa = PBXFileReference; lastKnownFileType = sourcecode.swift; path = AspectVGrid.swift; sourceTree = "<group>"; };
		7857050D2BE33EBD0094B201 /* CardView.swift */ = {isa = PBXFileReference; lastKnownFileType = sourcecode.swift; path = CardView.swift; sourceTree = "<group>"; };
		7857050F2BE35E4A0094B201 /* Pie.swift */ = {isa = PBXFileReference; lastKnownFileType = sourcecode.swift; path = Pie.swift; sourceTree = "<group>"; };
		785705112BE374C40094B201 /* Cardify.swift */ = {isa = PBXFileReference; lastKnownFileType = sourcecode.swift; path = Cardify.swift; sourceTree = "<group>"; };
		78ACC5952BFD09C700A2A5D8 /* FlyingNumber.swift */ = {isa = PBXFileReference; lastKnownFileType = sourcecode.swift; path = FlyingNumber.swift; sourceTree = "<group>"; };
		78DBD1792BD8D8E200D3DBB5 /* Memorize.app */ = {isa = PBXFileReference; explicitFileType = wrapper.application; includeInIndex = 0; path = Memorize.app; sourceTree = BUILT_PRODUCTS_DIR; };
		78DBD17C2BD8D8E200D3DBB5 /* MemorizeApp.swift */ = {isa = PBXFileReference; lastKnownFileType = sourcecode.swift; path = MemorizeApp.swift; sourceTree = "<group>"; };
		78DBD17E2BD8D8E200D3DBB5 /* EmojiMemoryGameView.swift */ = {isa = PBXFileReference; lastKnownFileType = sourcecode.swift; path = EmojiMemoryGameView.swift; sourceTree = "<group>"; };
		78DBD1802BD8D8E500D3DBB5 /* Assets.xcassets */ = {isa = PBXFileReference; lastKnownFileType = folder.assetcatalog; path = Assets.xcassets; sourceTree = "<group>"; };
		78DBD1832BD8D8E500D3DBB5 /* Preview Assets.xcassets */ = {isa = PBXFileReference; lastKnownFileType = folder.assetcatalog; path = "Preview Assets.xcassets"; sourceTree = "<group>"; };
		78DBD18A2BDF757900D3DBB5 /* MemoryGame.swift */ = {isa = PBXFileReference; lastKnownFileType = sourcecode.swift; path = MemoryGame.swift; sourceTree = "<group>"; };
		78DBD18C2BDF77DE00D3DBB5 /* EmojiMemoryGame.swift */ = {isa = PBXFileReference; lastKnownFileType = sourcecode.swift; path = EmojiMemoryGame.swift; sourceTree = "<group>"; };
/* End PBXFileReference section */

/* Begin PBXFrameworksBuildPhase section */
		78DBD1762BD8D8E200D3DBB5 /* Frameworks */ = {
			isa = PBXFrameworksBuildPhase;
			buildActionMask = 2147483647;
			files = (
			);
			runOnlyForDeploymentPostprocessing = 0;
		};
/* End PBXFrameworksBuildPhase section */

/* Begin PBXGroup section */
		78DBD1702BD8D8E100D3DBB5 = {
			isa = PBXGroup;
			children = (
				78DBD17B2BD8D8E200D3DBB5 /* Memorize */,
				78DBD17A2BD8D8E200D3DBB5 /* Products */,
			);
			sourceTree = "<group>";
		};
		78DBD17A2BD8D8E200D3DBB5 /* Products */ = {
			isa = PBXGroup;
			children = (
				78DBD1792BD8D8E200D3DBB5 /* Memorize.app */,
			);
			name = Products;
			sourceTree = "<group>";
		};
		78DBD17B2BD8D8E200D3DBB5 /* Memorize */ = {
			isa = PBXGroup;
			children = (
				78DBD18A2BDF757900D3DBB5 /* MemoryGame.swift */,
				78DBD18C2BDF77DE00D3DBB5 /* EmojiMemoryGame.swift */,
				78DBD17E2BD8D8E200D3DBB5 /* EmojiMemoryGameView.swift */,
				78ACC5952BFD09C700A2A5D8 /* FlyingNumber.swift */,
				7857050D2BE33EBD0094B201 /* CardView.swift */,
				785705112BE374C40094B201 /* Cardify.swift */,
				7857050F2BE35E4A0094B201 /* Pie.swift */,
				7857050B2BE0D73C0094B201 /* AspectVGrid.swift */,
				78DBD17C2BD8D8E200D3DBB5 /* MemorizeApp.swift */,
				78DBD1802BD8D8E500D3DBB5 /* Assets.xcassets */,
				78DBD1822BD8D8E500D3DBB5 /* Preview Content */,
			);
			path = Memorize;
			sourceTree = "<group>";
		};
		78DBD1822BD8D8E500D3DBB5 /* Preview Content */ = {
			isa = PBXGroup;
			children = (
				78DBD1832BD8D8E500D3DBB5 /* Preview Assets.xcassets */,
			);
			path = "Preview Content";
			sourceTree = "<group>";
		};
/* End PBXGroup section */

/* Begin PBXNativeTarget section */
		78DBD1782BD8D8E200D3DBB5 /* Memorize */ = {
			isa = PBXNativeTarget;
			buildConfigurationList = 78DBD1872BD8D8E500D3DBB5 /* Build configuration list for PBXNativeTarget "Memorize" */;
			buildPhases = (
				78DBD1752BD8D8E200D3DBB5 /* Sources */,
				78DBD1762BD8D8E200D3DBB5 /* Frameworks */,
				78DBD1772BD8D8E200D3DBB5 /* Resources */,
			);
			buildRules = (
			);
			dependencies = (
			);
			name = Memorize;
			productName = Memorize;
			productReference = 78DBD1792BD8D8E200D3DBB5 /* Memorize.app */;
			productType = "com.apple.product-type.application";
		};
/* End PBXNativeTarget section */

/* Begin PBXProject section */
		78DBD1712BD8D8E100D3DBB5 /* Project object */ = {
			isa = PBXProject;
			attributes = {
				BuildIndependentTargetsInParallel = 1;
				LastSwiftUpdateCheck = 1530;
				LastUpgradeCheck = 1530;
				TargetAttributes = {
					78DBD1782BD8D8E200D3DBB5 = {
						CreatedOnToolsVersion = 15.3;
					};
				};
			};
			buildConfigurationList = 78DBD1742BD8D8E100D3DBB5 /* Build configuration list for PBXProject "Memorize" */;
			compatibilityVersion = "Xcode 14.0";
			developmentRegion = en;
			hasScannedForEncodings = 0;
			knownRegions = (
				en,
				Base,
			);
			mainGroup = 78DBD1702BD8D8E100D3DBB5;
			productRefGroup = 78DBD17A2BD8D8E200D3DBB5 /* Products */;
			projectDirPath = "";
			projectRoot = "";
			targets = (
				78DBD1782BD8D8E200D3DBB5 /* Memorize */,
			);
		};
/* End PBXProject section */

/* Begin PBXResourcesBuildPhase section */
		78DBD1772BD8D8E200D3DBB5 /* Resources */ = {
			isa = PBXResourcesBuildPhase;
			buildActionMask = 2147483647;
			files = (
				78DBD1842BD8D8E500D3DBB5 /* Preview Assets.xcassets in Resources */,
				78DBD1812BD8D8E500D3DBB5 /* Assets.xcassets in Resources */,
			);
			runOnlyForDeploymentPostprocessing = 0;
		};
/* End PBXResourcesBuildPhase section */

/* Begin PBXSourcesBuildPhase section */
		78DBD1752BD8D8E200D3DBB5 /* Sources */ = {
			isa = PBXSourcesBuildPhase;
			buildActionMask = 2147483647;
			files = (
				78DBD17F2BD8D8E200D3DBB5 /* EmojiMemoryGameView.swift in Sources */,
				78DBD17D2BD8D8E200D3DBB5 /* MemorizeApp.swift in Sources */,
				78ACC5962BFD09C700A2A5D8 /* FlyingNumber.swift in Sources */,
				785705122BE374C50094B201 /* Cardify.swift in Sources */,
				78DBD18B2BDF757900D3DBB5 /* MemoryGame.swift in Sources */,
				7857050C2BE0D73C0094B201 /* AspectVGrid.swift in Sources */,
				785705102BE35E4A0094B201 /* Pie.swift in Sources */,
				7857050E2BE33EBD0094B201 /* CardView.swift in Sources */,
				78DBD18D2BDF77DE00D3DBB5 /* EmojiMemoryGame.swift in Sources */,
			);
			runOnlyForDeploymentPostprocessing = 0;
		};
/* End PBXSourcesBuildPhase section */

/* Begin XCBuildConfiguration section */
		78DBD1852BD8D8E500D3DBB5 /* Debug */ = {
			isa = XCBuildConfiguration;
			buildSettings = {
				ALWAYS_SEARCH_USER_PATHS = NO;
				ASSETCATALOG_COMPILER_GENERATE_SWIFT_ASSET_SYMBOL_EXTENSIONS = YES;
				CLANG_ANALYZER_NONNULL = YES;
				CLANG_ANALYZER_NUMBER_OBJECT_CONVERSION = YES_AGGRESSIVE;
				CLANG_CXX_LANGUAGE_STANDARD = "gnu++20";
				CLANG_ENABLE_MODULES = YES;
				CLANG_ENABLE_OBJC_ARC = YES;
				CLANG_ENABLE_OBJC_WEAK = YES;
				CLANG_WARN_BLOCK_CAPTURE_AUTORELEASING = YES;
				CLANG_WARN_BOOL_CONVERSION = YES;
				CLANG_WARN_COMMA = YES;
				CLANG_WARN_CONSTANT_CONVERSION = YES;
				CLANG_WARN_DEPRECATED_OBJC_IMPLEMENTATIONS = YES;
				CLANG_WARN_DIRECT_OBJC_ISA_USAGE = YES_ERROR;
				CLANG_WARN_DOCUMENTATION_COMMENTS = YES;
				CLANG_WARN_EMPTY_BODY = YES;
				CLANG_WARN_ENUM_CONVERSION = YES;
				CLANG_WARN_INFINITE_RECURSION = YES;
				CLANG_WARN_INT_CONVERSION = YES;
				CLANG_WARN_NON_LITERAL_NULL_CONVERSION = YES;
				CLANG_WARN_OBJC_IMPLICIT_RETAIN_SELF = YES;
				CLANG_WARN_OBJC_LITERAL_CONVERSION = YES;
				CLANG_WARN_OBJC_ROOT_CLASS = YES_ERROR;
				CLANG_WARN_QUOTED_INCLUDE_IN_FRAMEWORK_HEADER = YES;
				CLANG_WARN_RANGE_LOOP_ANALYSIS = YES;
				CLANG_WARN_STRICT_PROTOTYPES = YES;
				CLANG_WARN_SUSPICIOUS_MOVE = YES;
				CLANG_WARN_UNGUARDED_AVAILABILITY = YES_AGGRESSIVE;
				CLANG_WARN_UNREACHABLE_CODE = YES;
				CLANG_WARN__DUPLICATE_METHOD_MATCH = YES;
				COPY_PHASE_STRIP = NO;
				DEBUG_INFORMATION_FORMAT = dwarf;
				ENABLE_STRICT_OBJC_MSGSEND = YES;
				ENABLE_TESTABILITY = YES;
				ENABLE_USER_SCRIPT_SANDBOXING = YES;
				GCC_C_LANGUAGE_STANDARD = gnu17;
				GCC_DYNAMIC_NO_PIC = NO;
				GCC_NO_COMMON_BLOCKS = YES;
				GCC_OPTIMIZATION_LEVEL = 0;
				GCC_PREPROCESSOR_DEFINITIONS = (
					"DEBUG=1",
					"$(inherited)",
				);
				GCC_WARN_64_TO_32_BIT_CONVERSION = YES;
				GCC_WARN_ABOUT_RETURN_TYPE = YES_ERROR;
				GCC_WARN_UNDECLARED_SELECTOR = YES;
				GCC_WARN_UNINITIALIZED_AUTOS = YES_AGGRESSIVE;
				GCC_WARN_UNUSED_FUNCTION = YES;
				GCC_WARN_UNUSED_VARIABLE = YES;
				IPHONEOS_DEPLOYMENT_TARGET = 17.4;
				LOCALIZATION_PREFERS_STRING_CATALOGS = YES;
				MTL_ENABLE_DEBUG_INFO = INCLUDE_SOURCE;
				MTL_FAST_MATH = YES;
				ONLY_ACTIVE_ARCH = YES;
				SDKROOT = iphoneos;
				SWIFT_ACTIVE_COMPILATION_CONDITIONS = "DEBUG $(inherited)";
				SWIFT_OPTIMIZATION_LEVEL = "-Onone";
			};
			name = Debug;
		};
		78DBD1862BD8D8E500D3DBB5 /* Release */ = {
			isa = XCBuildConfiguration;
			buildSettings = {
				ALWAYS_SEARCH_USER_PATHS = NO;
				ASSETCATALOG_COMPILER_GENERATE_SWIFT_ASSET_SYMBOL_EXTENSIONS = YES;
				CLANG_ANALYZER_NONNULL = YES;
				CLANG_ANALYZER_NUMBER_OBJECT_CONVERSION = YES_AGGRESSIVE;
				CLANG_CXX_LANGUAGE_STANDARD = "gnu++20";
				CLANG_ENABLE_MODULES = YES;
				CLANG_ENABLE_OBJC_ARC = YES;
				CLANG_ENABLE_OBJC_WEAK = YES;
				CLANG_WARN_BLOCK_CAPTURE_AUTORELEASING = YES;
				CLANG_WARN_BOOL_CONVERSION = YES;
				CLANG_WARN_COMMA = YES;
				CLANG_WARN_CONSTANT_CONVERSION = YES;
				CLANG_WARN_DEPRECATED_OBJC_IMPLEMENTATIONS = YES;
				CLANG_WARN_DIRECT_OBJC_ISA_USAGE = YES_ERROR;
				CLANG_WARN_DOCUMENTATION_COMMENTS = YES;
				CLANG_WARN_EMPTY_BODY = YES;
				CLANG_WARN_ENUM_CONVERSION = YES;
				CLANG_WARN_INFINITE_RECURSION = YES;
				CLANG_WARN_INT_CONVERSION = YES;
				CLANG_WARN_NON_LITERAL_NULL_CONVERSION = YES;
				CLANG_WARN_OBJC_IMPLICIT_RETAIN_SELF = YES;
				CLANG_WARN_OBJC_LITERAL_CONVERSION = YES;
				CLANG_WARN_OBJC_ROOT_CLASS = YES_ERROR;
				CLANG_WARN_QUOTED_INCLUDE_IN_FRAMEWORK_HEADER = YES;
				CLANG_WARN_RANGE_LOOP_ANALYSIS = YES;
				CLANG_WARN_STRICT_PROTOTYPES = YES;
				CLANG_WARN_SUSPICIOUS_MOVE = YES;
				CLANG_WARN_UNGUARDED_AVAILABILITY = YES_AGGRESSIVE;
				CLANG_WARN_UNREACHABLE_CODE = YES;
				CLANG_WARN__DUPLICATE_METHOD_MATCH = YES;
				COPY_PHASE_STRIP = NO;
				DEBUG_INFORMATION_FORMAT = "dwarf-with-dsym";
				ENABLE_NS_ASSERTIONS = NO;
				ENABLE_STRICT_OBJC_MSGSEND = YES;
				ENABLE_USER_SCRIPT_SANDBOXING = YES;
				GCC_C_LANGUAGE_STANDARD = gnu17;
				GCC_NO_COMMON_BLOCKS = YES;
				GCC_WARN_64_TO_32_BIT_CONVERSION = YES;
				GCC_WARN_ABOUT_RETURN_TYPE = YES_ERROR;
				GCC_WARN_UNDECLARED_SELECTOR = YES;
				GCC_WARN_UNINITIALIZED_AUTOS = YES_AGGRESSIVE;
				GCC_WARN_UNUSED_FUNCTION = YES;
				GCC_WARN_UNUSED_VARIABLE = YES;
				IPHONEOS_DEPLOYMENT_TARGET = 17.4;
				LOCALIZATION_PREFERS_STRING_CATALOGS = YES;
				MTL_ENABLE_DEBUG_INFO = NO;
				MTL_FAST_MATH = YES;
				SDKROOT = iphoneos;
				SWIFT_COMPILATION_MODE = wholemodule;
				VALIDATE_PRODUCT = YES;
			};
			name = Release;
		};
		78DBD1882BD8D8E500D3DBB5 /* Debug */ = {
			isa = XCBuildConfiguration;
			buildSettings = {
				ASSETCATALOG_COMPILER_APPICON_NAME = AppIcon;
				ASSETCATALOG_COMPILER_GLOBAL_ACCENT_COLOR_NAME = AccentColor;
				CODE_SIGN_STYLE = Automatic;
				CURRENT_PROJECT_VERSION = 1;
				DEVELOPMENT_ASSET_PATHS = "\"Memorize/Preview Content\"";
				DEVELOPMENT_TEAM = NY2YF9QVXX;
				ENABLE_PREVIEWS = YES;
				GENERATE_INFOPLIST_FILE = YES;
				INFOPLIST_KEY_UIApplicationSceneManifest_Generation = YES;
				INFOPLIST_KEY_UIApplicationSupportsIndirectInputEvents = YES;
				INFOPLIST_KEY_UILaunchScreen_Generation = YES;
				INFOPLIST_KEY_UISupportedInterfaceOrientations_iPad = "UIInterfaceOrientationPortrait UIInterfaceOrientationPortraitUpsideDown UIInterfaceOrientationLandscapeLeft UIInterfaceOrientationLandscapeRight";
				INFOPLIST_KEY_UISupportedInterfaceOrientations_iPhone = "UIInterfaceOrientationPortrait UIInterfaceOrientationLandscapeLeft UIInterfaceOrientationLandscapeRight";
				LD_RUNPATH_SEARCH_PATHS = (
					"$(inherited)",
					"@executable_path/Frameworks",
				);
				MARKETING_VERSION = 1.0;
				PRODUCT_BUNDLE_IDENTIFIER = com.daehoon.Memorize;
				PRODUCT_NAME = "$(TARGET_NAME)";
				SWIFT_EMIT_LOC_STRINGS = YES;
				SWIFT_VERSION = 5.0;
				TARGETED_DEVICE_FAMILY = "1,2";
			};
			name = Debug;
		};
		78DBD1892BD8D8E500D3DBB5 /* Release */ = {
			isa = XCBuildConfiguration;
			buildSettings = {
				ASSETCATALOG_COMPILER_APPICON_NAME = AppIcon;
				ASSETCATALOG_COMPILER_GLOBAL_ACCENT_COLOR_NAME = AccentColor;
				CODE_SIGN_STYLE = Automatic;
				CURRENT_PROJECT_VERSION = 1;
				DEVELOPMENT_ASSET_PATHS = "\"Memorize/Preview Content\"";
				DEVELOPMENT_TEAM = NY2YF9QVXX;
				ENABLE_PREVIEWS = YES;
				GENERATE_INFOPLIST_FILE = YES;
				INFOPLIST_KEY_UIApplicationSceneManifest_Generation = YES;
				INFOPLIST_KEY_UIApplicationSupportsIndirectInputEvents = YES;
				INFOPLIST_KEY_UILaunchScreen_Generation = YES;
				INFOPLIST_KEY_UISupportedInterfaceOrientations_iPad = "UIInterfaceOrientationPortrait UIInterfaceOrientationPortraitUpsideDown UIInterfaceOrientationLandscapeLeft UIInterfaceOrientationLandscapeRight";
				INFOPLIST_KEY_UISupportedInterfaceOrientations_iPhone = "UIInterfaceOrientationPortrait UIInterfaceOrientationLandscapeLeft UIInterfaceOrientationLandscapeRight";
				LD_RUNPATH_SEARCH_PATHS = (
					"$(inherited)",
					"@executable_path/Frameworks",
				);
				MARKETING_VERSION = 1.0;
				PRODUCT_BUNDLE_IDENTIFIER = com.daehoon.Memorize;
				PRODUCT_NAME = "$(TARGET_NAME)";
				SWIFT_EMIT_LOC_STRINGS = YES;
				SWIFT_VERSION = 5.0;
				TARGETED_DEVICE_FAMILY = "1,2";
			};
			name = Release;
		};
/* End XCBuildConfiguration section */

/* Begin XCConfigurationList section */
		78DBD1742BD8D8E100D3DBB5 /* Build configuration list for PBXProject "Memorize" */ = {
			isa = XCConfigurationList;
			buildConfigurations = (
				78DBD1852BD8D8E500D3DBB5 /* Debug */,
				78DBD1862BD8D8E500D3DBB5 /* Release */,
			);
			defaultConfigurationIsVisible = 0;
			defaultConfigurationName = Release;
		};
		78DBD1872BD8D8E500D3DBB5 /* Build configuration list for PBXNativeTarget "Memorize" */ = {
			isa = XCConfigurationList;
			buildConfigurations = (
				78DBD1882BD8D8E500D3DBB5 /* Debug */,
				78DBD1892BD8D8E500D3DBB5 /* Release */,
			);
			defaultConfigurationIsVisible = 0;
			defaultConfigurationName = Release;
		};
/* End XCConfigurationList section */
	};
	rootObject = 78DBD1712BD8D8E100D3DBB5 /* Project object */;
}
